
Microsoft Visual Studio Solution File, Format Version 12.00
# Visual Studio 15
VisualStudioVersion = 15.0.28307.168
MinimumVisualStudioVersion = 10.0.40219.1
Project("{FAE04EC0-301F-11D3-BF4B-00C04F79EFBC}") = "CsvDataLogger", "CsvDataLogger\CsvDataLogger.csproj", "{6B46346C-1346-4F7B-826E-B638C2D1D408}"
EndProject
Project("{FAE04EC0-301F-11D3-BF4B-00C04F79EFBC}") = "CsvDataLogger.Tests", "CsvDataLogger.Tests\CsvDataLogger.Tests.csproj", "{513F5CB9-A58A-469D-9724-55D798E72314}"
EndProject
Project("{2150E333-8FDC-42A3-9474-1A3956D46DE8}") = "Libs", "Libs", "{424E0BE9-609F-43AE-A8D8-3E7D7A23C570}"
EndProject
Project("{FAE04EC0-301F-11D3-BF4B-00C04F79EFBC}") = "FileNameHelper", "..\Libs\FileNameHelper\FileNameHelper\FileNameHelper.csproj", "{66AB740B-DCB1-41B9-9ACE-66FC5770E2DF}"
EndProject
Project("{2150E333-8FDC-42A3-9474-1A3956D46DE8}") = "Solution Items", "Solution Items", "{86625496-9111-4879-B56B-4A9D444D1A25}"
	ProjectSection(SolutionItems) = preProject
		CsvDataLogger\CsvDataLogger_CodeMap.dgml = CsvDataLogger\CsvDataLogger_CodeMap.dgml
	EndProjectSection
EndProject
Global
	GlobalSection(SolutionConfigurationPlatforms) = preSolution
		Debug|Any CPU = Debug|Any CPU
		Release|Any CPU = Release|Any CPU
	EndGlobalSection
	GlobalSection(ProjectConfigurationPlatforms) = postSolution
		{6B46346C-1346-4F7B-826E-B638C2D1D408}.Debug|Any CPU.ActiveCfg = Debug|Any CPU
		{6B46346C-1346-4F7B-826E-B638C2D1D408}.Debug|Any CPU.Build.0 = Debug|Any CPU
		{6B46346C-1346-4F7B-826E-B638C2D1D408}.Release|Any CPU.ActiveCfg = Release|Any CPU
		{6B46346C-1346-4F7B-826E-B638C2D1D408}.Release|Any CPU.Build.0 = Release|Any CPU
		{513F5CB9-A58A-469D-9724-55D798E72314}.Debug|Any CPU.ActiveCfg = Debug|Any CPU
		{513F5CB9-A58A-469D-9724-55D798E72314}.Debug|Any CPU.Build.0 = Debug|Any CPU
		{513F5CB9-A58A-469D-9724-55D798E72314}.Release|Any CPU.ActiveCfg = Release|Any CPU
		{513F5CB9-A58A-469D-9724-55D798E72314}.Release|Any CPU.Build.0 = Release|Any CPU
		{66AB740B-DCB1-41B9-9ACE-66FC5770E2DF}.Debug|Any CPU.ActiveCfg = Debug|Any CPU
		{66AB740B-DCB1-41B9-9ACE-66FC5770E2DF}.Debug|Any CPU.Build.0 = Debug|Any CPU
		{66AB740B-DCB1-41B9-9ACE-66FC5770E2DF}.Release|Any CPU.ActiveCfg = Release|Any CPU
		{66AB740B-DCB1-41B9-9ACE-66FC5770E2DF}.Release|Any CPU.Build.0 = Release|Any CPU
	EndGlobalSection
	GlobalSection(SolutionProperties) = preSolution
		HideSolutionNode = FALSE
	EndGlobalSection
	GlobalSection(NestedProjects) = preSolution
		{66AB740B-DCB1-41B9-9ACE-66FC5770E2DF} = {424E0BE9-609F-43AE-A8D8-3E7D7A23C570}
	EndGlobalSection
	GlobalSection(ExtensibilityGlobals) = postSolution
		SolutionGuid = {044F2790-6467-41CA-A651-03DF4437AB37}
	EndGlobalSection
EndGlobal
